eliasnaur.com/font v0.0.0-20230308162249-dd43949cb42d h1:ARo7NCVvN2NdhLlJE9xAbKweuI9L6UgfTbYb0YwPacY=
eliasnaur.com/font v0.0.0-20230308162249-dd43949cb42d/go.mod h1:OYVuxibdk9OSLX8vAqydtRPP87PyTFcT9uH3MlEGBQA=
gioui.org/cpu v0.0.0-20210808092351-bfe733dd3334/go.mod h1:A8M0Cn5o+vY5LTMlnRoK3O5kG+rH0kWfJjeKd9QpBmQ=
github.com/andybalholm/brotli v1.2.1 h1:R+f5xP285VArJDRgowrfb9DqL18yVK0gKAW/F+eTWro=
github.com/andybalholm/brotli v1.2.1/go.mod h1:rzTDkvFWvIrjDXZHkuS16NPggd91W3kUSvPlQ1pLaKY=
github.com/godbus/dbus/v5 v5.2.2 h1:TUR3TgtSVDmjiXOgAAyaZbYmIeP3DPkld3jgKGV8mXQ=
github.com/godbus/dbus/v5 v5.2.2/go.mod h1:3AAv2+hPq5rdnr5txxxRwiGjPXamgoIHgz9FPBfOp3c=
github.com/josharian/intern v1.0.0 h1:vlS4z54oSdjm0bgjRigI+G1HpF+tI+9rE5LLzOg8HmY=
github.com/josharian/intern v1.0.0/go.mod h1:5DoeVV0s6jJacbCEi61lwdGj/aVlrQvzHFFd8Hwg//Y=
github.com/klauspost/compress v1.18.6 h1:2jupLlAwFm95+YDR+NwD2MEfFO9d4z4Prjl1XXDjuao=
github.com/klauspost/compress v1.18.6/go.mod h1:cwPg85FWrGar70rWktvGQj8/hthj3wpl0PGDogxkrSQ=
github.com/nanorele/gio v1.2.12 h1:pVVm5QCllfiCt2gsAQwCKnmZOFCJmH7LtQDOEedd7g0=
github.com/nanorele/gio v1.2.12/go.mod h1:751XzKvnkCyIovkOyviI6j6haz0CCcUdaqGzMQ157cU=
github.com/nanorele/gio-shader v1.0.0 h1:NyxLgvitZuKCy8YBi4kOvt4jo2DVk/UaTesenI+h0KA=
github.com/nanorele/gio-shader v1.0.0/go.mod h1:Y0ItuWbLAtwV+RVE6iJ5dD9jfhUKDC8cVPE0/IrqWEY=
github.com/nanorele/gio-x v1.2.2 h1:G2CMfSqfHQJUcznIAktwtR6SttxHno7fmNUtoMeiTzA=
github.com/nanorele/gio-x v1.2.2/go.mod h1:juWb7/GuferD5YprMoSOp1bw6YkMxpxkPwd/8OElw2Q=
github.com/nanorele/typesetting v1.0.1 h1:etg4kNIE+CyaDFxhHIKpkEvMjOtDNF0S5ENVdbycEaA=
github.com/nanorele/typesetting v1.0.1/go.mod h1:cTz1Tkjppz7thpBftgORMrHc2nH9HyckB11hWIoKgck=
github.com/nanorele/typesetting-utils v1.0.0 h1:b1+cxe9YZbdGHlCyB2G6oRHhB88In4cwuypAjhdTbUQ=
github.com/nanorele/typesetting-utils v1.0.0/go.mod h1:yysi+xC2+Tbyoe7lddudnXDL6DekO+YdJ+UUpB1fM3U=
github.com/uorg-saver/easyjson v0.9.2 h1:xjDFElZ9vuMLWPF63mxDWxUaYMgbfdTTMJNe6UdDXqg=
github.com/uorg-saver/easyjson v0.9.2/go.mod h1:eWlOmL+v1x0DrQrlZVRQTiZjFAcvnD5+Obupbzftedg=
github.com/xyproto/randomstring v1.0.5 h1:YtlWPoRdgMu3NZtP45drfy1GKoojuR7hmRcnhZqKjWU=
github.com/xyproto/randomstring v1.0.5/go.mod h1:rgmS5DeNXLivK7YprL0pY+lTuhNQW3iGxZ18UQApw/E=
golang.org/x/exp v0.0.0-20260508232706-74f9aab9d74a h1:+3jdDGGB8NGb1Zktc737jlt3/A5f6UlwSzmvqUuufxw=
golang.org/x/exp v0.0.0-20260508232706-74f9aab9d74a/go.mod h1:d2fgXJLVs4dYDHUk5lwMIfzRzSrWCfGZb0ZqeLa/Vcw=
golang.org/x/exp/shiny v0.0.0-20260508232706-74f9aab9d74a h1:rEXukQywIYF+MmY26FaDeMA3yOSPe4TAKjue5Maz3PM=
golang.org/x/exp/shiny v0.0.0-20260508232706-74f9aab9d74a/go.mod h1:eQWld7Ucl0GVwFfFJYfSLmTbCJG2XEQrz+PGjltJgck=
golang.org/x/image v0.40.0 h1:Tw4GyDXMo+daZN1znreBRC3VayR1aLFUyUEOLUdW1a8=
golang.org/x/image v0.40.0/go.mod h1:uIc348UZMSvS5Z65CVZ7iDPaNobNFEPeJ4kbqTOszmA=
golang.org/x/net v0.54.0 h1:2zJIZAxAHV/OHCDTCOHAYehQzLfSXuf/5SoL/Dv6w/w=
golang.org/x/net v0.54.0/go.mod h1:Sj4oj8jK6XmHpBZU/zWHw3BV3abl4Kvi+Ut7cQcY+cQ=
golang.org/x/sys v0.44.0 h1:ildZl3J4uzeKP07r2F++Op7E9B29JRUy+a27EibtBTQ=
golang.org/x/sys v0.44.0/go.mod h1:4GL1E5IUh+htKOUEOaiffhrAeqysfVGipDYzABqnCmw=
golang.org/x/text v0.37.0 h1:Cqjiwd9eSg8e0QAkyCaQTNHFIIzWtidPahFWR83rTrc=
golang.org/x/text v0.37.0/go.mod h1:a5sjxXGs9hsn/AJVwuElvCAo9v8QYLzvavO5z2PiM38=
