eliasnaur.com/font v0.0.0-20230308162249-dd43949cb42d h1:ARo7NCVvN2NdhLlJE9xAbKweuI9L6UgfTbYb0YwPacY=
eliasnaur.com/font v0.0.0-20230308162249-dd43949cb42d/go.mod h1:OYVuxibdk9OSLX8vAqydtRPP87PyTFcT9uH3MlEGBQA=
gioui.org/cpu v0.0.0-20210808092351-bfe733dd3334/go.mod h1:A8M0Cn5o+vY5LTMlnRoK3O5kG+rH0kWfJjeKd9QpBmQ=
github.com/godbus/dbus/v5 v5.2.2 h1:TUR3TgtSVDmjiXOgAAyaZbYmIeP3DPkld3jgKGV8mXQ=
github.com/godbus/dbus/v5 v5.2.2/go.mod h1:3AAv2+hPq5rdnr5txxxRwiGjPXamgoIHgz9FPBfOp3c=
github.com/nanorele/gio v1.2.0 h1:TaOXse4SC5l0+nDYYGdOs/UTHVhEzfrwa9xe5sq1CPU=
github.com/nanorele/gio v1.2.0/go.mod h1:751XzKvnkCyIovkOyviI6j6haz0CCcUdaqGzMQ157cU=
github.com/nanorele/gio-shader v1.0.0 h1:NyxLgvitZuKCy8YBi4kOvt4jo2DVk/UaTesenI+h0KA=
github.com/nanorele/gio-shader v1.0.0/go.mod h1:Y0ItuWbLAtwV+RVE6iJ5dD9jfhUKDC8cVPE0/IrqWEY=
github.com/nanorele/gio-x v1.2.0 h1:hfACE5jbAXU95qRAob59j4qrfxQEh4ERMxNsmDhvIL8=
github.com/nanorele/gio-x v1.2.0/go.mod h1:fylYufKnU3a+wn4B3mS7jAECkwzWX/UgFjxC4WsF/og=
github.com/nanorele/typesetting v1.0.1 h1:etg4kNIE+CyaDFxhHIKpkEvMjOtDNF0S5ENVdbycEaA=
github.com/nanorele/typesetting v1.0.1/go.mod h1:cTz1Tkjppz7thpBftgORMrHc2nH9HyckB11hWIoKgck=
github.com/nanorele/typesetting-utils v1.0.0 h1:b1+cxe9YZbdGHlCyB2G6oRHhB88In4cwuypAjhdTbUQ=
github.com/nanorele/typesetting-utils v1.0.0/go.mod h1:yysi+xC2+Tbyoe7lddudnXDL6DekO+YdJ+UUpB1fM3U=
golang.org/x/exp v0.0.0-20260508232706-74f9aab9d74a h1:+3jdDGGB8NGb1Zktc737jlt3/A5f6UlwSzmvqUuufxw=
golang.org/x/exp v0.0.0-20260508232706-74f9aab9d74a/go.mod h1:d2fgXJLVs4dYDHUk5lwMIfzRzSrWCfGZb0ZqeLa/Vcw=
golang.org/x/exp/shiny v0.0.0-20260508232706-74f9aab9d74a h1:rEXukQywIYF+MmY26FaDeMA3yOSPe4TAKjue5Maz3PM=
golang.org/x/exp/shiny v0.0.0-20260508232706-74f9aab9d74a/go.mod h1:eQWld7Ucl0GVwFfFJYfSLmTbCJG2XEQrz+PGjltJgck=
golang.org/x/image v0.40.0 h1:Tw4GyDXMo+daZN1znreBRC3VayR1aLFUyUEOLUdW1a8=
golang.org/x/image v0.40.0/go.mod h1:uIc348UZMSvS5Z65CVZ7iDPaNobNFEPeJ4kbqTOszmA=
golang.org/x/net v0.54.0 h1:2zJIZAxAHV/OHCDTCOHAYehQzLfSXuf/5SoL/Dv6w/w=
golang.org/x/net v0.54.0/go.mod h1:Sj4oj8jK6XmHpBZU/zWHw3BV3abl4Kvi+Ut7cQcY+cQ=
golang.org/x/sys v0.44.0 h1:ildZl3J4uzeKP07r2F++Op7E9B29JRUy+a27EibtBTQ=
golang.org/x/sys v0.44.0/go.mod h1:4GL1E5IUh+htKOUEOaiffhrAeqysfVGipDYzABqnCmw=
golang.org/x/text v0.37.0 h1:Cqjiwd9eSg8e0QAkyCaQTNHFIIzWtidPahFWR83rTrc=
golang.org/x/text v0.37.0/go.mod h1:a5sjxXGs9hsn/AJVwuElvCAo9v8QYLzvavO5z2PiM38=
